
Microsoft Visual Studio Solution File, Format Version 12.00
# Visual Studio Version 16
VisualStudioVersion = 16.0.31729.503
MinimumVisualStudioVersion = 10.0.40219.1
Project("{9A19103F-16F7-4668-BE54-9A1E7A4F7556}") = "GUI", "GUI\GUI.csproj", "{56547033-6E29-43F8-AE9E-040C469D8821}"
EndProject
Project("{FAE04EC0-301F-11D3-BF4B-00C04F79EFBC}") = "UnitTests", "UnitTests\UnitTests.csproj", "{D1496CCD-787B-4707-A8BC-E1113228F9D1}"
EndProject
Global
	GlobalSection(SolutionConfigurationPlatforms) = preSolution
		Debug|Any CPU = Debug|Any CPU
		Release|Any CPU = Release|Any CPU
	EndGlobalSection
	GlobalSection(ProjectConfigurationPlatforms) = postSolution
		{56547033-6E29-43F8-AE9E-040C469D8821}.Debug|Any CPU.ActiveCfg = Debug|Any CPU
		{56547033-6E29-43F8-AE9E-040C469D8821}.Debug|Any CPU.Build.0 = Debug|Any CPU
		{56547033-6E29-43F8-AE9E-040C469D8821}.Release|Any CPU.ActiveCfg = Release|Any CPU
		{56547033-6E29-43F8-AE9E-040C469D8821}.Release|Any CPU.Build.0 = Release|Any CPU
		{D1496CCD-787B-4707-A8BC-E1113228F9D1}.Debug|Any CPU.ActiveCfg = Debug|Any CPU
		{D1496CCD-787B-4707-A8BC-E1113228F9D1}.Debug|Any CPU.Build.0 = Debug|Any CPU
		{D1496CCD-787B-4707-A8BC-E1113228F9D1}.Release|Any CPU.ActiveCfg = Release|Any CPU
		{D1496CCD-787B-4707-A8BC-E1113228F9D1}.Release|Any CPU.Build.0 = Release|Any CPU
	EndGlobalSection
	GlobalSection(SolutionProperties) = preSolution
		HideSolutionNode = FALSE
	EndGlobalSection
	GlobalSection(ExtensibilityGlobals) = postSolution
		SolutionGuid = {9E32B9FE-FC10-4943-A25C-737B0737EEC0}
	EndGlobalSection
EndGlobal
