
Microsoft Visual Studio Solution File, Format Version 12.00
# Visual Studio Version 16
VisualStudioVersion = 16.0.31729.503
MinimumVisualStudioVersion = 10.0.40219.1
Project("{FAE04EC0-301F-11D3-BF4B-00C04F79EFBC}") = "GUI", "GUI\GUI.csproj", "{DB1105EF-D85B-44C5-8CC0-219CF1377AE5}"
EndProject
Global
	GlobalSection(SolutionConfigurationPlatforms) = preSolution
		Debug|Any CPU = Debug|Any CPU
		Release|Any CPU = Release|Any CPU
	EndGlobalSection
	GlobalSection(ProjectConfigurationPlatforms) = postSolution
		{DB1105EF-D85B-44C5-8CC0-219CF1377AE5}.Debug|Any CPU.ActiveCfg = Debug|Any CPU
		{DB1105EF-D85B-44C5-8CC0-219CF1377AE5}.Debug|Any CPU.Build.0 = Debug|Any CPU
		{DB1105EF-D85B-44C5-8CC0-219CF1377AE5}.Release|Any CPU.ActiveCfg = Release|Any CPU
		{DB1105EF-D85B-44C5-8CC0-219CF1377AE5}.Release|Any CPU.Build.0 = Release|Any CPU
	EndGlobalSection
	GlobalSection(SolutionProperties) = preSolution
		HideSolutionNode = FALSE
	EndGlobalSection
	GlobalSection(ExtensibilityGlobals) = postSolution
		SolutionGuid = {F865FD31-5B2A-4375-BCA4-B64A8408E3FB}
	EndGlobalSection
EndGlobal
